
Microsoft Visual Studio Solution File, Format Version 12.00
# Visual Studio Version 17
VisualStudioVersion = 17.7.34024.191
MinimumVisualStudioVersion = 10.0.40219.1
Project("{8BC9CEB8-8B4A-11D0-8D11-00A0C91BC942}") = "草稿", "草稿\草稿.vcxproj", "{20C7F85E-3A94-41D6-A6DF-F60DA17E7760}"
EndProject
Global
	GlobalSection(SolutionConfigurationPlatforms) = preSolution
		Debug|x64 = Debug|x64
		Debug|x86 = Debug|x86
		Release|x64 = Release|x64
		Release|x86 = Release|x86
	EndGlobalSection
	GlobalSection(ProjectConfigurationPlatforms) = postSolution
		{20C7F85E-3A94-41D6-A6DF-F60DA17E7760}.Debug|x64.ActiveCfg = Debug|x64
		{20C7F85E-3A94-41D6-A6DF-F60DA17E7760}.Debug|x64.Build.0 = Debug|x64
		{20C7F85E-3A94-41D6-A6DF-F60DA17E7760}.Debug|x86.ActiveCfg = Debug|Win32
		{20C7F85E-3A94-41D6-A6DF-F60DA17E7760}.Debug|x86.Build.0 = Debug|Win32
		{20C7F85E-3A94-41D6-A6DF-F60DA17E7760}.Release|x64.ActiveCfg = Release|x64
		{20C7F85E-3A94-41D6-A6DF-F60DA17E7760}.Release|x64.Build.0 = Release|x64
		{20C7F85E-3A94-41D6-A6DF-F60DA17E7760}.Release|x86.ActiveCfg = Release|Win32
		{20C7F85E-3A94-41D6-A6DF-F60DA17E7760}.Release|x86.Build.0 = Release|Win32
	EndGlobalSection
	GlobalSection(SolutionProperties) = preSolution
		HideSolutionNode = FALSE
	EndGlobalSection
	GlobalSection(ExtensibilityGlobals) = postSolution
		SolutionGuid = {DF4A9277-A502-427C-A610-B41FC75DA020}
	EndGlobalSection
EndGlobal
